Microsoft Visual Studio Solution File, Format Version 12.00
# Visual Studio Version 17
VisualStudioVersion = 17.5.2.0
MinimumVisualStudioVersion = 10.0.40219.1
Project("{FAE04EC0-301F-11D3-BF4B-00C04F79EFBC}") = "AutoNavigator", "AutoNavigator.csproj", "{4CF1B9D5-D975-E934-4BA3-95AA6F98EBFA}"
EndProject
Global
	GlobalSection(SolutionConfigurationPlatforms) = preSolution
		Debug|Any CPU = Debug|Any CPU
		Release|Any CPU = Release|Any CPU
	EndGlobalSection
	GlobalSection(ProjectConfigurationPlatforms) = postSolution
		{4CF1B9D5-D975-E934-4BA3-95AA6F98EBFA}.Debug|Any CPU.ActiveCfg = Debug|Any CPU
		{4CF1B9D5-D975-E934-4BA3-95AA6F98EBFA}.Debug|Any CPU.Build.0 = Debug|Any CPU
		{4CF1B9D5-D975-E934-4BA3-95AA6F98EBFA}.Release|Any CPU.ActiveCfg = Release|Any CPU
		{4CF1B9D5-D975-E934-4BA3-95AA6F98EBFA}.Release|Any CPU.Build.0 = Release|Any CPU
	EndGlobalSection
	GlobalSection(SolutionProperties) = preSolution
		HideSolutionNode = FALSE
	EndGlobalSection
	GlobalSection(ExtensibilityGlobals) = postSolution
		SolutionGuid = {AC3272A8-FE3C-435C-83B7-F671DF317C8C}
	EndGlobalSection
EndGlobal
